
Microsoft Visual Studio Solution File, Format Version 12.00
# Visual Studio Version 17
VisualStudioVersion = 17.6.33723.286
MinimumVisualStudioVersion = 10.0.40219.1
Project("{FAE04EC0-301F-11D3-BF4B-00C04F79EFBC}") = "AppCentralClientDemoCS", "AppCentralClientDemoCS.csproj", "{6B66D820-4D2F-4DB0-8318-17C000CD54BF}"
EndProject
Global
	GlobalSection(SolutionConfigurationPlatforms) = preSolution
		Debug|Any CPU = Debug|Any CPU
		Release|Any CPU = Release|Any CPU
	EndGlobalSection
	GlobalSection(ProjectConfigurationPlatforms) = postSolution
		{6B66D820-4D2F-4DB0-8318-17C000CD54BF}.Debug|Any CPU.ActiveCfg = Debug|Any CPU
		{6B66D820-4D2F-4DB0-8318-17C000CD54BF}.Debug|Any CPU.Build.0 = Debug|Any CPU
		{6B66D820-4D2F-4DB0-8318-17C000CD54BF}.Release|Any CPU.ActiveCfg = Release|Any CPU
		{6B66D820-4D2F-4DB0-8318-17C000CD54BF}.Release|Any CPU.Build.0 = Release|Any CPU
	EndGlobalSection
	GlobalSection(SolutionProperties) = preSolution
		HideSolutionNode = FALSE
	EndGlobalSection
	GlobalSection(ExtensibilityGlobals) = postSolution
		SolutionGuid = {0881BEB9-2DAD-4A94-928B-2F331F02676D}
	EndGlobalSection
EndGlobal
